
Microsoft Visual Studio Solution File, Format Version 12.00
# Visual Studio 2012
Project("{FAE04EC0-301F-11D3-BF4B-00C04F79EFBC}") = "BinaryClock", "BinaryClock\BinaryClock.csproj", "{1C41C119-FDA4-4DFA-B985-EA86A6AC7F77}"
EndProject
Project("{6141683F-8A12-4E36-9623-2EB02B2C2303}") = "BinaryClockInstallShield", "BinaryClockInstallShield\BinaryClockInstallShield.isproj", "{F4EB8A63-B811-4B3A-B599-218518682C08}"
EndProject
Global
	GlobalSection(SolutionConfigurationPlatforms) = preSolution
		CD_ROM|Any CPU = CD_ROM|Any CPU
		Debug|Any CPU = Debug|Any CPU
		DVD-5|Any CPU = DVD-5|Any CPU
		Release|Any CPU = Release|Any CPU
		SingleImage|Any CPU = SingleImage|Any CPU
	EndGlobalSection
	GlobalSection(ProjectConfigurationPlatforms) = postSolution
		{1C41C119-FDA4-4DFA-B985-EA86A6AC7F77}.CD_ROM|Any CPU.ActiveCfg = Release|Any CPU
		{1C41C119-FDA4-4DFA-B985-EA86A6AC7F77}.CD_ROM|Any CPU.Build.0 = Release|Any CPU
		{1C41C119-FDA4-4DFA-B985-EA86A6AC7F77}.Debug|Any CPU.ActiveCfg = Debug|Any CPU
		{1C41C119-FDA4-4DFA-B985-EA86A6AC7F77}.Debug|Any CPU.Build.0 = Debug|Any CPU
		{1C41C119-FDA4-4DFA-B985-EA86A6AC7F77}.DVD-5|Any CPU.ActiveCfg = Debug|Any CPU
		{1C41C119-FDA4-4DFA-B985-EA86A6AC7F77}.DVD-5|Any CPU.Build.0 = Debug|Any CPU
		{1C41C119-FDA4-4DFA-B985-EA86A6AC7F77}.Release|Any CPU.ActiveCfg = Release|Any CPU
		{1C41C119-FDA4-4DFA-B985-EA86A6AC7F77}.Release|Any CPU.Build.0 = Release|Any CPU
		{1C41C119-FDA4-4DFA-B985-EA86A6AC7F77}.SingleImage|Any CPU.ActiveCfg = Release|Any CPU
		{1C41C119-FDA4-4DFA-B985-EA86A6AC7F77}.SingleImage|Any CPU.Build.0 = Release|Any CPU
		{F4EB8A63-B811-4B3A-B599-218518682C08}.CD_ROM|Any CPU.ActiveCfg = CD_ROM
		{F4EB8A63-B811-4B3A-B599-218518682C08}.CD_ROM|Any CPU.Build.0 = CD_ROM
		{F4EB8A63-B811-4B3A-B599-218518682C08}.Debug|Any CPU.ActiveCfg = DVD-5
		{F4EB8A63-B811-4B3A-B599-218518682C08}.Debug|Any CPU.Build.0 = DVD-5
		{F4EB8A63-B811-4B3A-B599-218518682C08}.DVD-5|Any CPU.ActiveCfg = DVD-5
		{F4EB8A63-B811-4B3A-B599-218518682C08}.DVD-5|Any CPU.Build.0 = DVD-5
		{F4EB8A63-B811-4B3A-B599-218518682C08}.Release|Any CPU.ActiveCfg = SingleImage
		{F4EB8A63-B811-4B3A-B599-218518682C08}.Release|Any CPU.Build.0 = SingleImage
		{F4EB8A63-B811-4B3A-B599-218518682C08}.SingleImage|Any CPU.ActiveCfg = SingleImage
		{F4EB8A63-B811-4B3A-B599-218518682C08}.SingleImage|Any CPU.Build.0 = SingleImage
	EndGlobalSection
	GlobalSection(SolutionProperties) = preSolution
		HideSolutionNode = FALSE
	EndGlobalSection
EndGlobal
